
Microsoft Visual Studio Solution File, Format Version 12.00
# Visual Studio Version 16
VisualStudioVersion = 16.0.29215.179
MinimumVisualStudioVersion = 10.0.40219.1
Project("{8BC9CEB8-8B4A-11D0-8D11-00A0C91BC942}") = "ConsoleApplication2", "ConsoleApplication2.vcxproj", "{A244F1C3-B6F6-4E29-A621-16EA5DAC5B1B}"
EndProject
Global
	GlobalSection(SolutionConfigurationPlatforms) = preSolution
		Debug|x64 = Debug|x64
		Debug|x86 = Debug|x86
		Release|x64 = Release|x64
		Release|x86 = Release|x86
	EndGlobalSection
	GlobalSection(ProjectConfigurationPlatforms) = postSolution
		{A244F1C3-B6F6-4E29-A621-16EA5DAC5B1B}.Debug|x64.ActiveCfg = Debug|x64
		{A244F1C3-B6F6-4E29-A621-16EA5DAC5B1B}.Debug|x64.Build.0 = Debug|x64
		{A244F1C3-B6F6-4E29-A621-16EA5DAC5B1B}.Debug|x86.ActiveCfg = Debug|Win32
		{A244F1C3-B6F6-4E29-A621-16EA5DAC5B1B}.Debug|x86.Build.0 = Debug|Win32
		{A244F1C3-B6F6-4E29-A621-16EA5DAC5B1B}.Release|x64.ActiveCfg = Release|x64
		{A244F1C3-B6F6-4E29-A621-16EA5DAC5B1B}.Release|x64.Build.0 = Release|x64
		{A244F1C3-B6F6-4E29-A621-16EA5DAC5B1B}.Release|x86.ActiveCfg = Release|Win32
		{A244F1C3-B6F6-4E29-A621-16EA5DAC5B1B}.Release|x86.Build.0 = Release|Win32
	EndGlobalSection
	GlobalSection(SolutionProperties) = preSolution
		HideSolutionNode = FALSE
	EndGlobalSection
	GlobalSection(ExtensibilityGlobals) = postSolution
		SolutionGuid = {83B0BAD6-795C-490C-97DB-C11243AA7197}
	EndGlobalSection
EndGlobal
